// !$*UTF8*$!
{
	archiveVersion = 1;
	classes = {
	};
	objectVersion = 50;
	objects = {

/* Begin PBXBuildFile section */
		C8F321082610882F005A565A /* calendarApp.swift in Sources */ = {isa = PBXBuildFile; fileRef = C8F321072610882F005A565A /* calendarApp.swift */; };
		C8F3210A2610882F005A565A /* ContentView.swift in Sources */ = {isa = PBXBuildFile; fileRef = C8F321092610882F005A565A /* ContentView.swift */; };
		C8F3210C26108830005A565A /* Assets.xcassets in Resources */ = {isa = PBXBuildFile; fileRef = C8F3210B26108830005A565A /* Assets.xcassets */; };
		C8F3210F26108830005A565A /* Preview Assets.xcassets in Resources */ = {isa = PBXBuildFile; fileRef = C8F3210E26108830005A565A /* Preview Assets.xcassets */; };
		C8F3211A26108830005A565A /* calendarTests.swift in Sources */ = {isa = PBXBuildFile; fileRef = C8F3211926108830005A565A /* calendarTests.swift */; };
		C8F3212526108830005A565A /* calendarUITests.swift in Sources */ = {isa = PBXBuildFile; fileRef = C8F3212426108830005A565A /* calendarUITests.swift */; };
/* End PBXBuildFile section */

/* Begin PBXContainerItemProxy section */
		C8F3211626108830005A565A /* PBXContainerItemProxy */ = {
			isa = PBXContainerItemProxy;
			containerPortal = C8F320FC2610882F005A565A /* Project object */;
			proxyType = 1;
			remoteGlobalIDString = C8F321032610882F005A565A;
			remoteInfo = calendar;
		};
		C8F3212126108830005A565A /* PBXContainerItemProxy */ = {
			isa = PBXContainerItemProxy;
			containerPortal = C8F320FC2610882F005A565A /* Project object */;
			proxyType = 1;
			remoteGlobalIDString = C8F321032610882F005A565A;
			remoteInfo = calendar;
		};
/* End PBXContainerItemProxy section */

/* Begin PBXFileReference section */
		C8F321042610882F005A565A /* calendar.app */ = {isa = PBXFileReference; explicitFileType = wrapper.application; includeInIndex = 0; path = calendar.app; sourceTree = BUILT_PRODUCTS_DIR; };
		C8F321072610882F005A565A /* calendarApp.swift */ = {isa = PBXFileReference; lastKnownFileType = sourcecode.swift; path = calendarApp.swift; sourceTree = "<group>"; };
		C8F321092610882F005A565A /* ContentView.swift */ = {isa = PBXFileReference; lastKnownFileType = sourcecode.swift; path = ContentView.swift; sourceTree = "<group>"; };
		C8F3210B26108830005A565A /* Assets.xcassets */ = {isa = PBXFileReference; lastKnownFileType = folder.assetcatalog; path = Assets.xcassets; sourceTree = "<group>"; };
		C8F3210E26108830005A565A /* Preview Assets.xcassets */ = {isa = PBXFileReference; lastKnownFileType = folder.assetcatalog; path = "Preview Assets.xcassets"; sourceTree = "<group>"; };
		C8F3211026108830005A565A /* Info.plist */ = {isa = PBXFileReference; lastKnownFileType = text.plist.xml; path = Info.plist; sourceTree = "<group>"; };
		C8F3211526108830005A565A /* calendarTests.xctest */ = {isa = PBXFileReference; explicitFileType = wrapper.cfbundle; includeInIndex = 0; path = calendarTests.xctest; sourceTree = BUILT_PRODUCTS_DIR; };
		C8F3211926108830005A565A /* calendarTests.swift */ = {isa = PBXFileReference; lastKnownFileType = sourcecode.swift; path = calendarTests.swift; sourceTree = "<group>"; };
		C8F3211B26108830005A565A /* Info.plist */ = {isa = PBXFileReference; lastKnownFileType = text.plist.xml; path = Info.plist; sourceTree = "<group>"; };
		C8F3212026108830005A565A /* calendarUITests.xctest */ = {isa = PBXFileReference; explicitFileType = wrapper.cfbundle; includeInIndex = 0; path = calendarUITests.xctest; sourceTree = BUILT_PRODUCTS_DIR; };
		C8F3212426108830005A565A /* calendarUITests.swift */ = {isa = PBXFileReference; lastKnownFileType = sourcecode.swift; path = calendarUITests.swift; sourceTree = "<group>"; };
		C8F3212626108830005A565A /* Info.plist */ = {isa = PBXFileReference; lastKnownFileType = text.plist.xml; path = Info.plist; sourceTree = "<group>"; };
/* End PBXFileReference section */

/* Begin PBXFrameworksBuildPhase section */
		C8F321012610882F005A565A /* Frameworks */ = {
			isa = PBXFrameworksBuildPhase;
			buildActionMask = 2147483647;
			files = (
			);
			runOnlyForDeploymentPostprocessing = 0;
		};
		C8F3211226108830005A565A /* Frameworks */ = {
			isa = PBXFrameworksBuildPhase;
			buildActionMask = 2147483647;
			files = (
			);
			runOnlyForDeploymentPostprocessing = 0;
		};
		C8F3211D26108830005A565A /* Frameworks */ = {
			isa = PBXFrameworksBuildPhase;
			buildActionMask = 2147483647;
			files = (
			);
			runOnlyForDeploymentPostprocessing = 0;
		};
/* End PBXFrameworksBuildPhase section */

/* Begin PBXGroup section */
		C8F320FB2610882F005A565A = {
			isa = PBXGroup;
			children = (
				C8F321062610882F005A565A /* calendar */,
				C8F3211826108830005A565A /* calendarTests */,
				C8F3212326108830005A565A /* calendarUITests */,
				C8F321052610882F005A565A /* Products */,
			);
			sourceTree = "<group>";
		};
		C8F321052610882F005A565A /* Products */ = {
			isa = PBXGroup;
			children = (
				C8F321042610882F005A565A /* calendar.app */,
				C8F3211526108830005A565A /* calendarTests.xctest */,
				C8F3212026108830005A565A /* calendarUITests.xctest */,
			);
			name = Products;
			sourceTree = "<group>";
		};
		C8F321062610882F005A565A /* calendar */ = {
			isa = PBXGroup;
			children = (
				C8F321072610882F005A565A /* calendarApp.swift */,
				C8F321092610882F005A565A /* ContentView.swift */,
				C8F3210B26108830005A565A /* Assets.xcassets */,
				C8F3211026108830005A565A /* Info.plist */,
				C8F3210D26108830005A565A /* Preview Content */,
			);
			path = calendar;
			sourceTree = "<group>";
		};
		C8F3210D26108830005A565A /* Preview Content */ = {
			isa = PBXGroup;
			children = (
				C8F3210E26108830005A565A /* Preview Assets.xcassets */,
			);
			path = "Preview Content";
			sourceTree = "<group>";
		};
		C8F3211826108830005A565A /* calendarTests */ = {
			isa = PBXGroup;
			children = (
				C8F3211926108830005A565A /* calendarTests.swift */,
				C8F3211B26108830005A565A /* Info.plist */,
			);
			path = calendarTests;
			sourceTree = "<group>";
		};
		C8F3212326108830005A565A /* calendarUITests */ = {
			isa = PBXGroup;
			children = (
				C8F3212426108830005A565A /* calendarUITests.swift */,
				C8F3212626108830005A565A /* Info.plist */,
			);
			path = calendarUITests;
			sourceTree = "<group>";
		};
/* End PBXGroup section */

/* Begin PBXNativeTarget section */
		C8F321032610882F005A565A /* calendar */ = {
			isa = PBXNativeTarget;
			buildConfigurationList = C8F3212926108830005A565A /* Build configuration list for PBXNativeTarget "calendar" */;
			buildPhases = (
				C8F321002610882F005A565A /* Sources */,
				C8F321012610882F005A565A /* Frameworks */,
				C8F321022610882F005A565A /* Resources */,
			);
			buildRules = (
			);
			dependencies = (
			);
			name = calendar;
			productName = calendar;
			productReference = C8F321042610882F005A565A /* calendar.app */;
			productType = "com.apple.product-type.application";
		};
		C8F3211426108830005A565A /* calendarTests */ = {
			isa = PBXNativeTarget;
			buildConfigurationList = C8F3212C26108830005A565A /* Build configuration list for PBXNativeTarget "calendarTests" */;
			buildPhases = (
				C8F3211126108830005A565A /* Sources */,
				C8F3211226108830005A565A /* Frameworks */,
				C8F3211326108830005A565A /* Resources */,
			);
			buildRules = (
			);
			dependencies = (
				C8F3211726108830005A565A /* PBXTargetDependency */,
			);
			name = calendarTests;
			productName = calendarTests;
			productReference = C8F3211526108830005A565A /* calendarTests.xctest */;
			productType = "com.apple.product-type.bundle.unit-test";
		};
		C8F3211F26108830005A565A /* calendarUITests */ = {
			isa = PBXNativeTarget;
			buildConfigurationList = C8F3212F26108830005A565A /* Build configuration list for PBXNativeTarget "calendarUITests" */;
			buildPhases = (
				C8F3211C26108830005A565A /* Sources */,
				C8F3211D26108830005A565A /* Frameworks */,
				C8F3211E26108830005A565A /* Resources */,
			);
			buildRules = (
			);
			dependencies = (
				C8F3212226108830005A565A /* PBXTargetDependency */,
			);
			name = calendarUITests;
			productName = calendarUITests;
			productReference = C8F3212026108830005A565A /* calendarUITests.xctest */;
			productType = "com.apple.product-type.bundle.ui-testing";
		};
/* End PBXNativeTarget section */

/* Begin PBXProject section */
		C8F320FC2610882F005A565A /* Project object */ = {
			isa = PBXProject;
			attributes = {
				LastSwiftUpdateCheck = 1240;
				LastUpgradeCheck = 1240;
				TargetAttributes = {
					C8F321032610882F005A565A = {
						CreatedOnToolsVersion = 12.4;
					};
					C8F3211426108830005A565A = {
						CreatedOnToolsVersion = 12.4;
						TestTargetID = C8F321032610882F005A565A;
					};
					C8F3211F26108830005A565A = {
						CreatedOnToolsVersion = 12.4;
						TestTargetID = C8F321032610882F005A565A;
					};
				};
			};
			buildConfigurationList = C8F320FF2610882F005A565A /* Build configuration list for PBXProject "calendar" */;
			compatibilityVersion = "Xcode 9.3";
			developmentRegion = en;
			hasScannedForEncodings = 0;
			knownRegions = (
				en,
				Base,
			);
			mainGroup = C8F320FB2610882F005A565A;
			productRefGroup = C8F321052610882F005A565A /* Products */;
			projectDirPath = "";
			projectRoot = "";
			targets = (
				C8F321032610882F005A565A /* calendar */,
				C8F3211426108830005A565A /* calendarTests */,
				C8F3211F26108830005A565A /* calendarUITests */,
			);
		};
/* End PBXProject section */

/* Begin PBXResourcesBuildPhase section */
		C8F321022610882F005A565A /* Resources */ = {
			isa = PBXResourcesBuildPhase;
			buildActionMask = 2147483647;
			files = (
				C8F3210F26108830005A565A /* Preview Assets.xcassets in Resources */,
				C8F3210C26108830005A565A /* Assets.xcassets in Resources */,
			);
			runOnlyForDeploymentPostprocessing = 0;
		};
		C8F3211326108830005A565A /* Resources */ = {
			isa = PBXResourcesBuildPhase;
			buildActionMask = 2147483647;
			files = (
			);
			runOnlyForDeploymentPostprocessing = 0;
		};
		C8F3211E26108830005A565A /* Resources */ = {
			isa = PBXResourcesBuildPhase;
			buildActionMask = 2147483647;
			files = (
			);
			runOnlyForDeploymentPostprocessing = 0;
		};
/* End PBXResourcesBuildPhase section */

/* Begin PBXSourcesBuildPhase section */
		C8F321002610882F005A565A /* Sources */ = {
			isa = PBXSourcesBuildPhase;
			buildActionMask = 2147483647;
			files = (
				C8F3210A2610882F005A565A /* ContentView.swift in Sources */,
				C8F321082610882F005A565A /* calendarApp.swift in Sources */,
			);
			runOnlyForDeploymentPostprocessing = 0;
		};
		C8F3211126108830005A565A /* Sources */ = {
			isa = PBXSourcesBuildPhase;
			buildActionMask = 2147483647;
			files = (
				C8F3211A26108830005A565A /* calendarTests.swift in Sources */,
			);
			runOnlyForDeploymentPostprocessing = 0;
		};
		C8F3211C26108830005A565A /* Sources */ = {
			isa = PBXSourcesBuildPhase;
			buildActionMask = 2147483647;
			files = (
				C8F3212526108830005A565A /* calendarUITests.swift in Sources */,
			);
			runOnlyForDeploymentPostprocessing = 0;
		};
/* End PBXSourcesBuildPhase section */

/* Begin PBXTargetDependency section */
		C8F3211726108830005A565A /* PBXTargetDependency */ = {
			isa = PBXTargetDependency;
			target = C8F321032610882F005A565A /* calendar */;
			targetProxy = C8F3211626108830005A565A /* PBXContainerItemProxy */;
		};
		C8F3212226108830005A565A /* PBXTargetDependency */ = {
			isa = PBXTargetDependency;
			target = C8F321032610882F005A565A /* calendar */;
			targetProxy = C8F3212126108830005A565A /* PBXContainerItemProxy */;
		};
/* End PBXTargetDependency section */

/* Begin XCBuildConfiguration section */
		C8F3212726108830005A565A /* Debug */ = {
			isa = XCBuildConfiguration;
			buildSettings = {
				ALWAYS_SEARCH_USER_PATHS = NO;
				CLANG_ANALYZER_NONNULL = YES;
				CLANG_ANALYZER_NUMBER_OBJECT_CONVERSION = YES_AGGRESSIVE;
				CLANG_CXX_LANGUAGE_STANDARD = "gnu++14";
				CLANG_CXX_LIBRARY = "libc++";
				CLANG_ENABLE_MODULES = YES;
				CLANG_ENABLE_OBJC_ARC = YES;
				CLANG_ENABLE_OBJC_WEAK = YES;
				CLANG_WARN_BLOCK_CAPTURE_AUTORELEASING = YES;
				CLANG_WARN_BOOL_CONVERSION = YES;
				CLANG_WARN_COMMA = YES;
				CLANG_WARN_CONSTANT_CONVERSION = YES;
				CLANG_WARN_DEPRECATED_OBJC_IMPLEMENTATIONS = YES;
				CLANG_WARN_DIRECT_OBJC_ISA_USAGE = YES_ERROR;
				CLANG_WARN_DOCUMENTATION_COMMENTS = YES;
				CLANG_WARN_EMPTY_BODY = YES;
				CLANG_WARN_ENUM_CONVERSION = YES;
				CLANG_WARN_INFINITE_RECURSION = YES;
				CLANG_WARN_INT_CONVERSION = YES;
				CLANG_WARN_NON_LITERAL_NULL_CONVERSION = YES;
				CLANG_WARN_OBJC_IMPLICIT_RETAIN_SELF = YES;
				CLANG_WARN_OBJC_LITERAL_CONVERSION = YES;
				CLANG_WARN_OBJC_ROOT_CLASS = YES_ERROR;
				CLANG_WARN_QUOTED_INCLUDE_IN_FRAMEWORK_HEADER = YES;
				CLANG_WARN_RANGE_LOOP_ANALYSIS = YES;
				CLANG_WARN_STRICT_PROTOTYPES = YES;
				CLANG_WARN_SUSPICIOUS_MOVE = YES;
				CLANG_WARN_UNGUARDED_AVAILABILITY = YES_AGGRESSIVE;
				CLANG_WARN_UNREACHABLE_CODE = YES;
				CLANG_WARN__DUPLICATE_METHOD_MATCH = YES;
				COPY_PHASE_STRIP = NO;
				DEBUG_INFORMATION_FORMAT = dwarf;
				ENABLE_STRICT_OBJC_MSGSEND = YES;
				ENABLE_TESTABILITY = YES;
				GCC_C_LANGUAGE_STANDARD = gnu11;
				GCC_DYNAMIC_NO_PIC = NO;
				GCC_NO_COMMON_BLOCKS = YES;
				GCC_OPTIMIZATION_LEVEL = 0;
				GCC_PREPROCESSOR_DEFINITIONS = (
					"DEBUG=1",
					"$(inherited)",
				);
				GCC_WARN_64_TO_32_BIT_CONVERSION = YES;
				GCC_WARN_ABOUT_RETURN_TYPE = YES_ERROR;
				GCC_WARN_UNDECLARED_SELECTOR = YES;
				GCC_WARN_UNINITIALIZED_AUTOS = YES_AGGRESSIVE;
				GCC_WARN_UNUSED_FUNCTION = YES;
				GCC_WARN_UNUSED_VARIABLE = YES;
				IPHONEOS_DEPLOYMENT_TARGET = 14.4;
				MTL_ENABLE_DEBUG_INFO = INCLUDE_SOURCE;
				MTL_FAST_MATH = YES;
				ONLY_ACTIVE_ARCH = YES;
				SDKROOT = iphoneos;
				SWIFT_ACTIVE_COMPILATION_CONDITIONS = DEBUG;
				SWIFT_OPTIMIZATION_LEVEL = "-Onone";
			};
			name = Debug;
		};
		C8F3212826108830005A565A /* Release */ = {
			isa = XCBuildConfiguration;
			buildSettings = {
				ALWAYS_SEARCH_USER_PATHS = NO;
				CLANG_ANALYZER_NONNULL = YES;
				CLANG_ANALYZER_NUMBER_OBJECT_CONVERSION = YES_AGGRESSIVE;
				CLANG_CXX_LANGUAGE_STANDARD = "gnu++14";
				CLANG_CXX_LIBRARY = "libc++";
				CLANG_ENABLE_MODULES = YES;
				CLANG_ENABLE_OBJC_ARC = YES;
				CLANG_ENABLE_OBJC_WEAK = YES;
				CLANG_WARN_BLOCK_CAPTURE_AUTORELEASING = YES;
				CLANG_WARN_BOOL_CONVERSION = YES;
				CLANG_WARN_COMMA = YES;
				CLANG_WARN_CONSTANT_CONVERSION = YES;
				CLANG_WARN_DEPRECATED_OBJC_IMPLEMENTATIONS = YES;
				CLANG_WARN_DIRECT_OBJC_ISA_USAGE = YES_ERROR;
				CLANG_WARN_DOCUMENTATION_COMMENTS = YES;
				CLANG_WARN_EMPTY_BODY = YES;
				CLANG_WARN_ENUM_CONVERSION = YES;
				CLANG_WARN_INFINITE_RECURSION = YES;
				CLANG_WARN_INT_CONVERSION = YES;
				CLANG_WARN_NON_LITERAL_NULL_CONVERSION = YES;
				CLANG_WARN_OBJC_IMPLICIT_RETAIN_SELF = YES;
				CLANG_WARN_OBJC_LITERAL_CONVERSION = YES;
				CLANG_WARN_OBJC_ROOT_CLASS = YES_ERROR;
				CLANG_WARN_QUOTED_INCLUDE_IN_FRAMEWORK_HEADER = YES;
				CLANG_WARN_RANGE_LOOP_ANALYSIS = YES;
				CLANG_WARN_STRICT_PROTOTYPES = YES;
				CLANG_WARN_SUSPICIOUS_MOVE = YES;
				CLANG_WARN_UNGUARDED_AVAILABILITY = YES_AGGRESSIVE;
				CLANG_WARN_UNREACHABLE_CODE = YES;
				CLANG_WARN__DUPLICATE_METHOD_MATCH = YES;
				COPY_PHASE_STRIP = NO;
				DEBUG_INFORMATION_FORMAT = "dwarf-with-dsym";
				ENABLE_NS_ASSERTIONS = NO;
				ENABLE_STRICT_OBJC_MSGSEND = YES;
				GCC_C_LANGUAGE_STANDARD = gnu11;
				GCC_NO_COMMON_BLOCKS = YES;
				GCC_WARN_64_TO_32_BIT_CONVERSION = YES;
				GCC_WARN_ABOUT_RETURN_TYPE = YES_ERROR;
				GCC_WARN_UNDECLARED_SELECTOR = YES;
				GCC_WARN_UNINITIALIZED_AUTOS = YES_AGGRESSIVE;
				GCC_WARN_UNUSED_FUNCTION = YES;
				GCC_WARN_UNUSED_VARIABLE = YES;
				IPHONEOS_DEPLOYMENT_TARGET = 14.4;
				MTL_ENABLE_DEBUG_INFO = NO;
				MTL_FAST_MATH = YES;
				SDKROOT = iphoneos;
				SWIFT_COMPILATION_MODE = wholemodule;
				SWIFT_OPTIMIZATION_LEVEL = "-O";
				VALIDATE_PRODUCT = YES;
			};
			name = Release;
		};
		C8F3212A26108830005A565A /* Debug */ = {
			isa = XCBuildConfiguration;
			buildSettings = {
				ASSETCATALOG_COMPILER_APPICON_NAME = AppIcon;
				ASSETCATALOG_COMPILER_GLOBAL_ACCENT_COLOR_NAME = AccentColor;
				CODE_SIGN_STYLE = Automatic;
				DEVELOPMENT_ASSET_PATHS = "\"calendar/Preview Content\"";
				DEVELOPMENT_TEAM = FY99ZT6QDH;
				ENABLE_PREVIEWS = YES;
				INFOPLIST_FILE = calendar/Info.plist;
				IPHONEOS_DEPLOYMENT_TARGET = 14.0;
				LD_RUNPATH_SEARCH_PATHS = (
					"$(inherited)",
					"@executable_path/Frameworks",
				);
				PRODUCT_BUNDLE_IDENTIFIER = "Charlie-Kingsland.calendar";
				PRODUCT_NAME = "$(TARGET_NAME)";
				SWIFT_VERSION = 5.0;
				TARGETED_DEVICE_FAMILY = "1,2";
			};
			name = Debug;
		};
		C8F3212B26108830005A565A /* Release */ = {
			isa = XCBuildConfiguration;
			buildSettings = {
				ASSETCATALOG_COMPILER_APPICON_NAME = AppIcon;
				ASSETCATALOG_COMPILER_GLOBAL_ACCENT_COLOR_NAME = AccentColor;
				CODE_SIGN_STYLE = Automatic;
				DEVELOPMENT_ASSET_PATHS = "\"calendar/Preview Content\"";
				DEVELOPMENT_TEAM = FY99ZT6QDH;
				ENABLE_PREVIEWS = YES;
				INFOPLIST_FILE = calendar/Info.plist;
				IPHONEOS_DEPLOYMENT_TARGET = 14.0;
				LD_RUNPATH_SEARCH_PATHS = (
					"$(inherited)",
					"@executable_path/Frameworks",
				);
				PRODUCT_BUNDLE_IDENTIFIER = "Charlie-Kingsland.calendar";
				PRODUCT_NAME = "$(TARGET_NAME)";
				SWIFT_VERSION = 5.0;
				TARGETED_DEVICE_FAMILY = "1,2";
			};
			name = Release;
		};
		C8F3212D26108830005A565A /* Debug */ = {
			isa = XCBuildConfiguration;
			buildSettings = {
				ALWAYS_EMBED_SWIFT_STANDARD_LIBRARIES = YES;
				BUNDLE_LOADER = "$(TEST_HOST)";
				CODE_SIGN_STYLE = Automatic;
				DEVELOPMENT_TEAM = FY99ZT6QDH;
				INFOPLIST_FILE = calendarTests/Info.plist;
				IPHONEOS_DEPLOYMENT_TARGET = 14.0;
				LD_RUNPATH_SEARCH_PATHS = (
					"$(inherited)",
					"@executable_path/Frameworks",
					"@loader_path/Frameworks",
				);
				PRODUCT_BUNDLE_IDENTIFIER = "Charlie-Kingsland.calendarTests";
				PRODUCT_NAME = "$(TARGET_NAME)";
				SWIFT_VERSION = 5.0;
				TARGETED_DEVICE_FAMILY = "1,2";
				TEST_HOST = "$(BUILT_PRODUCTS_DIR)/calendar.app/calendar";
			};
			name = Debug;
		};
		C8F3212E26108830005A565A /* Release */ = {
			isa = XCBuildConfiguration;
			buildSettings = {
				ALWAYS_EMBED_SWIFT_STANDARD_LIBRARIES = YES;
				BUNDLE_LOADER = "$(TEST_HOST)";
				CODE_SIGN_STYLE = Automatic;
				DEVELOPMENT_TEAM = FY99ZT6QDH;
				INFOPLIST_FILE = calendarTests/Info.plist;
				IPHONEOS_DEPLOYMENT_TARGET = 14.0;
				LD_RUNPATH_SEARCH_PATHS = (
					"$(inherited)",
					"@executable_path/Frameworks",
					"@loader_path/Frameworks",
				);
				PRODUCT_BUNDLE_IDENTIFIER = "Charlie-Kingsland.calendarTests";
				PRODUCT_NAME = "$(TARGET_NAME)";
				SWIFT_VERSION = 5.0;
				TARGETED_DEVICE_FAMILY = "1,2";
				TEST_HOST = "$(BUILT_PRODUCTS_DIR)/calendar.app/calendar";
			};
			name = Release;
		};
		C8F3213026108830005A565A /* Debug */ = {
			isa = XCBuildConfiguration;
			buildSettings = {
				ALWAYS_EMBED_SWIFT_STANDARD_LIBRARIES = YES;
				CODE_SIGN_STYLE = Automatic;
				DEVELOPMENT_TEAM = FY99ZT6QDH;
				INFOPLIST_FILE = calendarUITests/Info.plist;
				LD_RUNPATH_SEARCH_PATHS = (
					"$(inherited)",
					"@executable_path/Frameworks",
					"@loader_path/Frameworks",
				);
				PRODUCT_BUNDLE_IDENTIFIER = "Charlie-Kingsland.calendarUITests";
				PRODUCT_NAME = "$(TARGET_NAME)";
				SWIFT_VERSION = 5.0;
				TARGETED_DEVICE_FAMILY = "1,2";
				TEST_TARGET_NAME = calendar;
			};
			name = Debug;
		};
		C8F3213126108830005A565A /* Release */ = {
			isa = XCBuildConfiguration;
			buildSettings = {
				ALWAYS_EMBED_SWIFT_STANDARD_LIBRARIES = YES;
				CODE_SIGN_STYLE = Automatic;
				DEVELOPMENT_TEAM = FY99ZT6QDH;
				INFOPLIST_FILE = calendarUITests/Info.plist;
				LD_RUNPATH_SEARCH_PATHS = (
					"$(inherited)",
					"@executable_path/Frameworks",
					"@loader_path/Frameworks",
				);
				PRODUCT_BUNDLE_IDENTIFIER = "Charlie-Kingsland.calendarUITests";
				PRODUCT_NAME = "$(TARGET_NAME)";
				SWIFT_VERSION = 5.0;
				TARGETED_DEVICE_FAMILY = "1,2";
				TEST_TARGET_NAME = calendar;
			};
			name = Release;
		};
/* End XCBuildConfiguration section */

/* Begin XCConfigurationList section */
		C8F320FF2610882F005A565A /* Build configuration list for PBXProject "calendar" */ = {
			isa = XCConfigurationList;
			buildConfigurations = (
				C8F3212726108830005A565A /* Debug */,
				C8F3212826108830005A565A /* Release */,
			);
			defaultConfigurationIsVisible = 0;
			defaultConfigurationName = Release;
		};
		C8F3212926108830005A565A /* Build configuration list for PBXNativeTarget "calendar" */ = {
			isa = XCConfigurationList;
			buildConfigurations = (
				C8F3212A26108830005A565A /* Debug */,
				C8F3212B26108830005A565A /* Release */,
			);
			defaultConfigurationIsVisible = 0;
			defaultConfigurationName = Release;
		};
		C8F3212C26108830005A565A /* Build configuration list for PBXNativeTarget "calendarTests" */ = {
			isa = XCConfigurationList;
			buildConfigurations = (
				C8F3212D26108830005A565A /* Debug */,
				C8F3212E26108830005A565A /* Release */,
			);
			defaultConfigurationIsVisible = 0;
			defaultConfigurationName = Release;
		};
		C8F3212F26108830005A565A /* Build configuration list for PBXNativeTarget "calendarUITests" */ = {
			isa = XCConfigurationList;
			buildConfigurations = (
				C8F3213026108830005A565A /* Debug */,
				C8F3213126108830005A565A /* Release */,
			);
			defaultConfigurationIsVisible = 0;
			defaultConfigurationName = Release;
		};
/* End XCConfigurationList section */
	};
	rootObject = C8F320FC2610882F005A565A /* Project object */;
}
